
Microsoft Visual Studio Solution File, Format Version 12.00
# Visual Studio 2013
VisualStudioVersion = 12.0.31101.0
MinimumVisualStudioVersion = 10.0.40219.1
Project("{FAE04EC0-301F-11D3-BF4B-00C04F79EFBC}") = "AddInService1", "AddInService1\AddInService1.csproj", "{FE78DD06-6145-40FF-A7AA-C6B6726507A8}"
EndProject
Project("{FAE04EC0-301F-11D3-BF4B-00C04F79EFBC}") = "AddInService2", "AddInService2\AddInService2.csproj", "{CFE44AA0-5443-4A1E-8EE9-E802D17B8D5A}"
EndProject
Project("{FAE04EC0-301F-11D3-BF4B-00C04F79EFBC}") = "ServiceLoaderContracts", "ServiceLoaderContracts\ServiceLoaderContracts.csproj", "{50E9BEFC-3018-48D9-B849-7DB14DE25677}"
EndProject
Project("{FAE04EC0-301F-11D3-BF4B-00C04F79EFBC}") = "ServiceLoaderAddInSideAdapter", "ServiceLoaderAddInSideAdapter\ServiceLoaderAddInSideAdapter.csproj", "{C6B5FA16-3BC8-44E1-BFE4-9E92C8B277A0}"
EndProject
Project("{FAE04EC0-301F-11D3-BF4B-00C04F79EFBC}") = "ServiceLoaderAddInView", "ServiceLoaderAddInView\ServiceLoaderAddInView.csproj", "{79007182-CA0B-4D17-A217-52FBA623B4CC}"
EndProject
Project("{FAE04EC0-301F-11D3-BF4B-00C04F79EFBC}") = "ServiceLoaderHostSideAdapter", "ServiceLoaderHostSideAdapter\ServiceLoaderHostSideAdapter.csproj", "{C12CFCCA-161F-4383-B97E-02E17DF2884F}"
EndProject
Project("{FAE04EC0-301F-11D3-BF4B-00C04F79EFBC}") = "ServiceLoaderHostViewAdapter", "ServiceLoaderHostViewAdapter\ServiceLoaderHostViewAdapter.csproj", "{15192F42-4EAA-4659-987A-E324F80F4A02}"
EndProject
Project("{FAE04EC0-301F-11D3-BF4B-00C04F79EFBC}") = "AddInService1Loader", "AddInService1Loader\AddInService1Loader.csproj", "{5BDD3398-8A27-481B-82A4-7A7BDE7BFF80}"
EndProject
Project("{FAE04EC0-301F-11D3-BF4B-00C04F79EFBC}") = "AddInService2Loader", "AddInService2Loader\AddInService2Loader.csproj", "{4BDC99AA-C0CE-43DD-89C2-123E51A2F2D3}"
EndProject
Project("{FAE04EC0-301F-11D3-BF4B-00C04F79EFBC}") = "ServiceCoHoster", "ServiceCoHoster\ServiceCoHoster.csproj", "{CEA38E4E-0598-4FC2-88BB-30DEC8C8A839}"
EndProject
Global
	GlobalSection(SolutionConfigurationPlatforms) = preSolution
		Debug|Any CPU = Debug|Any CPU
		Release|Any CPU = Release|Any CPU
	EndGlobalSection
	GlobalSection(ProjectConfigurationPlatforms) = postSolution
		{FE78DD06-6145-40FF-A7AA-C6B6726507A8}.Debug|Any CPU.ActiveCfg = Debug|Any CPU
		{FE78DD06-6145-40FF-A7AA-C6B6726507A8}.Debug|Any CPU.Build.0 = Debug|Any CPU
		{FE78DD06-6145-40FF-A7AA-C6B6726507A8}.Release|Any CPU.ActiveCfg = Release|Any CPU
		{FE78DD06-6145-40FF-A7AA-C6B6726507A8}.Release|Any CPU.Build.0 = Release|Any CPU
		{CFE44AA0-5443-4A1E-8EE9-E802D17B8D5A}.Debug|Any CPU.ActiveCfg = Debug|Any CPU
		{CFE44AA0-5443-4A1E-8EE9-E802D17B8D5A}.Debug|Any CPU.Build.0 = Debug|Any CPU
		{CFE44AA0-5443-4A1E-8EE9-E802D17B8D5A}.Release|Any CPU.ActiveCfg = Release|Any CPU
		{CFE44AA0-5443-4A1E-8EE9-E802D17B8D5A}.Release|Any CPU.Build.0 = Release|Any CPU
		{50E9BEFC-3018-48D9-B849-7DB14DE25677}.Debug|Any CPU.ActiveCfg = Debug|Any CPU
		{50E9BEFC-3018-48D9-B849-7DB14DE25677}.Debug|Any CPU.Build.0 = Debug|Any CPU
		{50E9BEFC-3018-48D9-B849-7DB14DE25677}.Release|Any CPU.ActiveCfg = Release|Any CPU
		{50E9BEFC-3018-48D9-B849-7DB14DE25677}.Release|Any CPU.Build.0 = Release|Any CPU
		{C6B5FA16-3BC8-44E1-BFE4-9E92C8B277A0}.Debug|Any CPU.ActiveCfg = Debug|Any CPU
		{C6B5FA16-3BC8-44E1-BFE4-9E92C8B277A0}.Debug|Any CPU.Build.0 = Debug|Any CPU
		{C6B5FA16-3BC8-44E1-BFE4-9E92C8B277A0}.Release|Any CPU.ActiveCfg = Release|Any CPU
		{C6B5FA16-3BC8-44E1-BFE4-9E92C8B277A0}.Release|Any CPU.Build.0 = Release|Any CPU
		{79007182-CA0B-4D17-A217-52FBA623B4CC}.Debug|Any CPU.ActiveCfg = Debug|Any CPU
		{79007182-CA0B-4D17-A217-52FBA623B4CC}.Debug|Any CPU.Build.0 = Debug|Any CPU
		{79007182-CA0B-4D17-A217-52FBA623B4CC}.Release|Any CPU.ActiveCfg = Release|Any CPU
		{79007182-CA0B-4D17-A217-52FBA623B4CC}.Release|Any CPU.Build.0 = Release|Any CPU
		{C12CFCCA-161F-4383-B97E-02E17DF2884F}.Debug|Any CPU.ActiveCfg = Debug|Any CPU
		{C12CFCCA-161F-4383-B97E-02E17DF2884F}.Debug|Any CPU.Build.0 = Debug|Any CPU
		{C12CFCCA-161F-4383-B97E-02E17DF2884F}.Release|Any CPU.ActiveCfg = Release|Any CPU
		{C12CFCCA-161F-4383-B97E-02E17DF2884F}.Release|Any CPU.Build.0 = Release|Any CPU
		{15192F42-4EAA-4659-987A-E324F80F4A02}.Debug|Any CPU.ActiveCfg = Debug|Any CPU
		{15192F42-4EAA-4659-987A-E324F80F4A02}.Debug|Any CPU.Build.0 = Debug|Any CPU
		{15192F42-4EAA-4659-987A-E324F80F4A02}.Release|Any CPU.ActiveCfg = Release|Any CPU
		{15192F42-4EAA-4659-987A-E324F80F4A02}.Release|Any CPU.Build.0 = Release|Any CPU
		{5BDD3398-8A27-481B-82A4-7A7BDE7BFF80}.Debug|Any CPU.ActiveCfg = Debug|Any CPU
		{5BDD3398-8A27-481B-82A4-7A7BDE7BFF80}.Debug|Any CPU.Build.0 = Debug|Any CPU
		{5BDD3398-8A27-481B-82A4-7A7BDE7BFF80}.Release|Any CPU.ActiveCfg = Release|Any CPU
		{5BDD3398-8A27-481B-82A4-7A7BDE7BFF80}.Release|Any CPU.Build.0 = Release|Any CPU
		{4BDC99AA-C0CE-43DD-89C2-123E51A2F2D3}.Debug|Any CPU.ActiveCfg = Debug|Any CPU
		{4BDC99AA-C0CE-43DD-89C2-123E51A2F2D3}.Debug|Any CPU.Build.0 = Debug|Any CPU
		{4BDC99AA-C0CE-43DD-89C2-123E51A2F2D3}.Release|Any CPU.ActiveCfg = Release|Any CPU
		{4BDC99AA-C0CE-43DD-89C2-123E51A2F2D3}.Release|Any CPU.Build.0 = Release|Any CPU
		{CEA38E4E-0598-4FC2-88BB-30DEC8C8A839}.Debug|Any CPU.ActiveCfg = Debug|Any CPU
		{CEA38E4E-0598-4FC2-88BB-30DEC8C8A839}.Debug|Any CPU.Build.0 = Debug|Any CPU
		{CEA38E4E-0598-4FC2-88BB-30DEC8C8A839}.Release|Any CPU.ActiveCfg = Release|Any CPU
		{CEA38E4E-0598-4FC2-88BB-30DEC8C8A839}.Release|Any CPU.Build.0 = Release|Any CPU
	EndGlobalSection
	GlobalSection(SolutionProperties) = preSolution
		HideSolutionNode = FALSE
	EndGlobalSection
EndGlobal
