
Microsoft Visual Studio Solution File, Format Version 12.00
# Visual Studio 14
VisualStudioVersion = 14.0.23107.0
MinimumVisualStudioVersion = 10.0.40219.1
Project("{FAE04EC0-301F-11D3-BF4B-00C04F79EFBC}") = "WebSiteExperiment", "WebSiteExperiment\WebSiteExperiment.csproj", "{744AC1DF-4871-418F-925B-E1BD08C24517}"
EndProject
Project("{FAE04EC0-301F-11D3-BF4B-00C04F79EFBC}") = "WebSiteExperiment.Tests", "WebSiteExperiment.Tests\WebSiteExperiment.Tests.csproj", "{A7BDD51D-E702-4F97-89D5-5F3356CDE1C0}"
EndProject
Global
	GlobalSection(SolutionConfigurationPlatforms) = preSolution
		Debug|Any CPU = Debug|Any CPU
		Release|Any CPU = Release|Any CPU
	EndGlobalSection
	GlobalSection(ProjectConfigurationPlatforms) = postSolution
		{744AC1DF-4871-418F-925B-E1BD08C24517}.Debug|Any CPU.ActiveCfg = Debug|Any CPU
		{744AC1DF-4871-418F-925B-E1BD08C24517}.Debug|Any CPU.Build.0 = Debug|Any CPU
		{744AC1DF-4871-418F-925B-E1BD08C24517}.Release|Any CPU.ActiveCfg = Release|Any CPU
		{744AC1DF-4871-418F-925B-E1BD08C24517}.Release|Any CPU.Build.0 = Release|Any CPU
		{A7BDD51D-E702-4F97-89D5-5F3356CDE1C0}.Debug|Any CPU.ActiveCfg = Debug|Any CPU
		{A7BDD51D-E702-4F97-89D5-5F3356CDE1C0}.Debug|Any CPU.Build.0 = Debug|Any CPU
		{A7BDD51D-E702-4F97-89D5-5F3356CDE1C0}.Release|Any CPU.ActiveCfg = Release|Any CPU
		{A7BDD51D-E702-4F97-89D5-5F3356CDE1C0}.Release|Any CPU.Build.0 = Release|Any CPU
	EndGlobalSection
	GlobalSection(SolutionProperties) = preSolution
		HideSolutionNode = FALSE
	EndGlobalSection
EndGlobal
